
Microsoft Visual Studio Solution File, Format Version 12.00
# Visual Studio Version 16
VisualStudioVersion = 16.0.29613.14
MinimumVisualStudioVersion = 10.0.40219.1
Project("{8BC9CEB8-8B4A-11D0-8D11-00A0C91BC942}") = "Tests", "Tests\Tests.vcxproj", "{2BF46C9A-6A65-4363-93DE-5C64A88F1434}"
EndProject
Global
	GlobalSection(SolutionConfigurationPlatforms) = preSolution
		Debug|x64 = Debug|x64
		Debug|x86 = Debug|x86
		Release|x64 = Release|x64
		Release|x86 = Release|x86
	EndGlobalSection
	GlobalSection(ProjectConfigurationPlatforms) = postSolution
		{2BF46C9A-6A65-4363-93DE-5C64A88F1434}.Debug|x64.ActiveCfg = Debug|x64
		{2BF46C9A-6A65-4363-93DE-5C64A88F1434}.Debug|x64.Build.0 = Debug|x64
		{2BF46C9A-6A65-4363-93DE-5C64A88F1434}.Debug|x86.ActiveCfg = Debug|Win32
		{2BF46C9A-6A65-4363-93DE-5C64A88F1434}.Debug|x86.Build.0 = Debug|Win32
		{2BF46C9A-6A65-4363-93DE-5C64A88F1434}.Release|x64.ActiveCfg = Release|x64
		{2BF46C9A-6A65-4363-93DE-5C64A88F1434}.Release|x64.Build.0 = Release|x64
		{2BF46C9A-6A65-4363-93DE-5C64A88F1434}.Release|x86.ActiveCfg = Release|Win32
		{2BF46C9A-6A65-4363-93DE-5C64A88F1434}.Release|x86.Build.0 = Release|Win32
	EndGlobalSection
	GlobalSection(SolutionProperties) = preSolution
		HideSolutionNode = FALSE
	EndGlobalSection
	GlobalSection(ExtensibilityGlobals) = postSolution
		SolutionGuid = {0D3193DD-8BF7-454D-950C-B6734626AC5B}
	EndGlobalSection
EndGlobal
